{
  "name": "mecopia-watchdog",
  "version": "1.0.0",
  "lockfileVersion": 3,
  "requires": true,
  "packages": {
    "": {
      "name": "mecopia-watchdog",
      "version": "1.0.0",
      "dependencies": {
        "dotenv": "^16.4.7",
        "nodemailer": "^8.0.5"
      },
      "engines": {
        "node": ">=18"
      }
    },
    "node_modules/dotenv": {
      "version": "16.6.1",
      "resolved": "https://registry.npmjs.org/dotenv/-/dotenv-16.6.1.tgz",
      "integrity": "sha512-uBq4egWHTcTt33a72vpSG0z3HnPuIl6NqYcTrKEg2azoEyl2hpW0zqlxysq2pK9HlDIHyHyakeYaYnSAwd8bow==",
      "license": "BSD-2-Clause",
      "engines": {
        "node": ">=12"
      },
      "funding": {
        "url": "https://dotenvx.com"
      }
    },
    "node_modules/nodemailer": {
      "version": "8.0.11",
      "resolved": "https://registry.npmjs.org/nodemailer/-/nodemailer-8.0.11.tgz",
      "integrity": "sha512-nrO/pDAUKl+wXX+lx16tDLbnm0fW6sK/x8mgohaCpg+CdCEl482bD4tCuAZk2DyliruiNTIZxRCoWkDqJEnAiA==",
      "license": "MIT-0",
      "engines": {
        "node": ">=6.0.0"
      }
    }
  }
}
